
Microsoft Visual Studio Solution File, Format Version 12.00
Project("{FAE04EC0-301F-11D3-BF4B-00C04F79EFBC}") = "GBARomMaker", "GBARomMaker\GBARomMaker.csproj", "{475392EC-E486-4D5F-9744-47DFD85E8EB5}"
EndProject
Project("{FAE04EC0-301F-11D3-BF4B-00C04F79EFBC}") = "GBARomMaker.Test", "GBARomMaker.Test\GBARomMaker.Test.csproj", "{F5CC2988-A753-41E5-911B-678F94B8BA1C}"
EndProject
Project("{2150E333-8FDC-42A3-9474-1A3956D46DE8}") = "Examples", "Examples", "{E8BD9518-B631-4626-B31E-226BAD71623F}"
EndProject
Project("{FAE04EC0-301F-11D3-BF4B-00C04F79EFBC}") = "RedPixel", "Examples\RedPixel\RedPixel.csproj", "{1437EFB7-8768-477A-8DD8-6E01459FE569}"
EndProject
Project("{FAE04EC0-301F-11D3-BF4B-00C04F79EFBC}") = "RedLine", "Examples\RedLine\RedLine.csproj", "{6A1093E5-9111-4A67-A782-D1BD455175BC}"
EndProject
Global
	GlobalSection(SolutionConfigurationPlatforms) = preSolution
		Debug|Any CPU = Debug|Any CPU
		Release|Any CPU = Release|Any CPU
	EndGlobalSection
	GlobalSection(ProjectConfigurationPlatforms) = postSolution
		{475392EC-E486-4D5F-9744-47DFD85E8EB5}.Debug|Any CPU.ActiveCfg = Debug|Any CPU
		{475392EC-E486-4D5F-9744-47DFD85E8EB5}.Debug|Any CPU.Build.0 = Debug|Any CPU
		{475392EC-E486-4D5F-9744-47DFD85E8EB5}.Release|Any CPU.ActiveCfg = Release|Any CPU
		{475392EC-E486-4D5F-9744-47DFD85E8EB5}.Release|Any CPU.Build.0 = Release|Any CPU
		{F5CC2988-A753-41E5-911B-678F94B8BA1C}.Debug|Any CPU.ActiveCfg = Debug|Any CPU
		{F5CC2988-A753-41E5-911B-678F94B8BA1C}.Debug|Any CPU.Build.0 = Debug|Any CPU
		{F5CC2988-A753-41E5-911B-678F94B8BA1C}.Release|Any CPU.ActiveCfg = Release|Any CPU
		{F5CC2988-A753-41E5-911B-678F94B8BA1C}.Release|Any CPU.Build.0 = Release|Any CPU
		{1437EFB7-8768-477A-8DD8-6E01459FE569}.Debug|Any CPU.ActiveCfg = Debug|Any CPU
		{1437EFB7-8768-477A-8DD8-6E01459FE569}.Debug|Any CPU.Build.0 = Debug|Any CPU
		{1437EFB7-8768-477A-8DD8-6E01459FE569}.Release|Any CPU.ActiveCfg = Release|Any CPU
		{1437EFB7-8768-477A-8DD8-6E01459FE569}.Release|Any CPU.Build.0 = Release|Any CPU
		{6A1093E5-9111-4A67-A782-D1BD455175BC}.Debug|Any CPU.ActiveCfg = Debug|Any CPU
		{6A1093E5-9111-4A67-A782-D1BD455175BC}.Debug|Any CPU.Build.0 = Debug|Any CPU
		{6A1093E5-9111-4A67-A782-D1BD455175BC}.Release|Any CPU.ActiveCfg = Release|Any CPU
		{6A1093E5-9111-4A67-A782-D1BD455175BC}.Release|Any CPU.Build.0 = Release|Any CPU
	EndGlobalSection
	GlobalSection(NestedProjects) = preSolution
		{1437EFB7-8768-477A-8DD8-6E01459FE569} = {E8BD9518-B631-4626-B31E-226BAD71623F}
		{6A1093E5-9111-4A67-A782-D1BD455175BC} = {E8BD9518-B631-4626-B31E-226BAD71623F}
	EndGlobalSection
EndGlobal
